
Microsoft Visual Studio Solution File, Format Version 12.00
# Visual Studio Version 16
VisualStudioVersion = 16.0.31727.386
MinimumVisualStudioVersion = 10.0.40219.1
Project("{FAE04EC0-301F-11D3-BF4B-00C04F79EFBC}") = "AbstractClassOpdracht", "AbstractClassOpdracht\AbstractClassOpdracht.csproj", "{CC804F81-1620-4DDB-8B05-590320DA6AAF}"
EndProject
Global
	GlobalSection(SolutionConfigurationPlatforms) = preSolution
		Debug|Any CPU = Debug|Any CPU
		Release|Any CPU = Release|Any CPU
	EndGlobalSection
	GlobalSection(ProjectConfigurationPlatforms) = postSolution
		{CC804F81-1620-4DDB-8B05-590320DA6AAF}.Debug|Any CPU.ActiveCfg = Debug|Any CPU
		{CC804F81-1620-4DDB-8B05-590320DA6AAF}.Debug|Any CPU.Build.0 = Debug|Any CPU
		{CC804F81-1620-4DDB-8B05-590320DA6AAF}.Release|Any CPU.ActiveCfg = Release|Any CPU
		{CC804F81-1620-4DDB-8B05-590320DA6AAF}.Release|Any CPU.Build.0 = Release|Any CPU
	EndGlobalSection
	GlobalSection(SolutionProperties) = preSolution
		HideSolutionNode = FALSE
	EndGlobalSection
	GlobalSection(ExtensibilityGlobals) = postSolution
		SolutionGuid = {7BAB39A5-A8A6-4711-8FD7-51172FD39D6D}
	EndGlobalSection
EndGlobal
